
Microsoft Visual Studio Solution File, Format Version 12.00
# Visual Studio Version 16
VisualStudioVersion = 16.0.30225.117
MinimumVisualStudioVersion = 10.0.40219.1
Project("{FAE04EC0-301F-11D3-BF4B-00C04F79EFBC}") = "Flowerpot", "Flowerpot.csproj", "{248C772C-D1E6-415A-AFCE-F9245FE43FDB}"
EndProject
Global
	GlobalSection(SolutionConfigurationPlatforms) = preSolution
		Debug|Any CPU = Debug|Any CPU
		Release|Any CPU = Release|Any CPU
	EndGlobalSection
	GlobalSection(ProjectConfigurationPlatforms) = postSolution
		{248C772C-D1E6-415A-AFCE-F9245FE43FDB}.Debug|Any CPU.ActiveCfg = Debug|Any CPU
		{248C772C-D1E6-415A-AFCE-F9245FE43FDB}.Debug|Any CPU.Build.0 = Debug|Any CPU
		{248C772C-D1E6-415A-AFCE-F9245FE43FDB}.Release|Any CPU.ActiveCfg = Release|Any CPU
		{248C772C-D1E6-415A-AFCE-F9245FE43FDB}.Release|Any CPU.Build.0 = Release|Any CPU
	EndGlobalSection
	GlobalSection(SolutionProperties) = preSolution
		HideSolutionNode = FALSE
	EndGlobalSection
	GlobalSection(ExtensibilityGlobals) = postSolution
		SolutionGuid = {BD392DF1-9F29-4268-9734-E4A4833173AC}
	EndGlobalSection
EndGlobal
